<Solution>
  <Folder Name="/src/">
    <Project Path="src/FoundrySummarizer.Core/FoundrySummarizer.Core.csproj" />
    <Project Path="src/FoundrySummarizer.Presentation/FoundrySummarizer.Presentation.csproj" />
    <Project Path="src/FoundrySummarizer.Wpf/FoundrySummarizer.Wpf.csproj" />
  </Folder>
  <Folder Name="/tests/">
    <Project Path="tests/FoundrySummarizer.Tests/FoundrySummarizer.Tests.csproj" />
    <Project Path="tests/FoundrySummarizer.Wpf.Tests/FoundrySummarizer.Wpf.Tests.csproj" />
  </Folder>
</Solution>
